{
  "name": "laroll-source-stripe",
  "version": "1.0.0",
  "lockfileVersion": 1,
  "requires": true,
  "dependencies": {
    "@types/node": {
      "version": "14.0.27",
      "resolved": "https://registry.npmjs.org/@types/node/-/node-14.0.27.tgz",
      "integrity": "sha512-kVrqXhbclHNHGu9ztnAwSncIgJv/FaxmzXJvGXNdcCpV1b8u1/Mi6z6m0vwy0LzKeXFTPLH0NzwmoJ3fNCIq0g=="
    },
    "flexsearch": {
      "version": "0.6.32",
      "resolved": "https://registry.npmjs.org/flexsearch/-/flexsearch-0.6.32.tgz",
      "integrity": "sha512-EF1BWkhwoeLtbIlDbY/vDSLBen/E5l/f1Vg7iX5CDymQCamcx1vhlc3tIZxIDplPjgi0jhG37c67idFbjg+v+Q=="
    },
    "gatsby-node-helpers": {
      "version": "0.3.0",
      "resolved": "https://registry.npmjs.org/gatsby-node-helpers/-/gatsby-node-helpers-0.3.0.tgz",
      "integrity": "sha1-O9yjt5AqcCpYNP7ygK1m1RCZ1Xw=",
      "requires": {
        "json-stringify-safe": "^5.0.1",
        "lodash": "^4.17.4",
        "p-is-promise": "^1.1.0"
      }
    },
    "json-stringify-safe": {
      "version": "5.0.1",
      "resolved": "https://registry.npmjs.org/json-stringify-safe/-/json-stringify-safe-5.0.1.tgz",
      "integrity": "sha1-Epai1Y/UXxmg9s4B1lcB4sc1tus="
    },
    "lodash": {
      "version": "4.17.20",
      "resolved": "https://registry.npmjs.org/lodash/-/lodash-4.17.20.tgz",
      "integrity": "sha512-PlhdFcillOINfeV7Ni6oF1TAEayyZBoZ8bcshTHqOYJYlrqzRK5hagpagky5o4HfCzzd1TRkXPMFq6cKk9rGmA=="
    },
    "lunr": {
      "version": "2.3.8",
      "resolved": "https://registry.npmjs.org/lunr/-/lunr-2.3.8.tgz",
      "integrity": "sha512-oxMeX/Y35PNFuZoHp+jUj5OSEmLCaIH4KTFJh7a93cHBoFmpw2IoPs22VIz7vyO2YUnx2Tn9dzIwO2P/4quIRg=="
    },
    "p-is-promise": {
      "version": "1.1.0",
      "resolved": "https://registry.npmjs.org/p-is-promise/-/p-is-promise-1.1.0.tgz",
      "integrity": "sha1-nJRWmJ6fZYgBewQ01WCXZ1w9oF4="
    },
    "qs": {
      "version": "6.9.4",
      "resolved": "https://registry.npmjs.org/qs/-/qs-6.9.4.tgz",
      "integrity": "sha512-A1kFqHekCTM7cz0udomYUoYNWjBebHm/5wzU/XqrBRBNWectVH0QIiN+NEcZ0Dte5hvzHwbr8+XQmguPhJ6WdQ=="
    },
    "stripe": {
      "version": "8.64.0",
      "resolved": "https://registry.npmjs.org/stripe/-/stripe-8.64.0.tgz",
      "integrity": "sha512-d/QrqyPnf8B4a5itP/LcqM9SWhOAVTzTwvvx0mTWG3xaXKZ1WeftNlwF0V1X+6HkG7mJ5cjesxsmW0/LYY8+BA==",
      "requires": {
        "@types/node": ">=8.1.0",
        "qs": "^6.6.0"
      }
    }
  }
}
